
Microsoft Visual Studio Solution File, Format Version 12.00
# Visual Studio Version 16
VisualStudioVersion = 16.0.30011.22
MinimumVisualStudioVersion = 10.0.40219.1
Project("{9A19103F-16F7-4668-BE54-9A1E7A4F7556}") = "EmailService.Api", "EmailService.Api\EmailService.Api.csproj", "{227AEEDE-93E2-47AA-BC2A-88A4C3593F20}"
EndProject
Project("{9A19103F-16F7-4668-BE54-9A1E7A4F7556}") = "EmailService.Api.Tests", "EmailService.Api.Tests\EmailService.Api.Tests.csproj", "{0FE24AEE-4F33-4100-94E0-DF06AE46688A}"
EndProject
Project("{FAE04EC0-301F-11D3-BF4B-00C04F79EFBC}") = "EmailService.Core", "EmailService.Api.Core\EmailService.Core.csproj", "{603EE29D-8628-4697-9132-97A61ADB8953}"
EndProject
Project("{9A19103F-16F7-4668-BE54-9A1E7A4F7556}") = "EmailService.Service", "EmailService.Service\EmailService.Service.csproj", "{48A58ECA-4157-45DE-88F0-3A27D3063493}"
EndProject
Project("{9A19103F-16F7-4668-BE54-9A1E7A4F7556}") = "EmailService.Service.Tests", "EmailService.Service.Tests\EmailService.Service.Tests.csproj", "{DAFB26E5-68EF-42C0-97EB-063B89250739}"
EndProject
Global
	GlobalSection(SolutionConfigurationPlatforms) = preSolution
		Debug|Any CPU = Debug|Any CPU
		Release|Any CPU = Release|Any CPU
	EndGlobalSection
	GlobalSection(ProjectConfigurationPlatforms) = postSolution
		{227AEEDE-93E2-47AA-BC2A-88A4C3593F20}.Debug|Any CPU.ActiveCfg = Debug|Any CPU
		{227AEEDE-93E2-47AA-BC2A-88A4C3593F20}.Debug|Any CPU.Build.0 = Debug|Any CPU
		{227AEEDE-93E2-47AA-BC2A-88A4C3593F20}.Release|Any CPU.ActiveCfg = Release|Any CPU
		{227AEEDE-93E2-47AA-BC2A-88A4C3593F20}.Release|Any CPU.Build.0 = Release|Any CPU
		{0FE24AEE-4F33-4100-94E0-DF06AE46688A}.Debug|Any CPU.ActiveCfg = Debug|Any CPU
		{0FE24AEE-4F33-4100-94E0-DF06AE46688A}.Debug|Any CPU.Build.0 = Debug|Any CPU
		{0FE24AEE-4F33-4100-94E0-DF06AE46688A}.Release|Any CPU.ActiveCfg = Release|Any CPU
		{0FE24AEE-4F33-4100-94E0-DF06AE46688A}.Release|Any CPU.Build.0 = Release|Any CPU
		{603EE29D-8628-4697-9132-97A61ADB8953}.Debug|Any CPU.ActiveCfg = Debug|Any CPU
		{603EE29D-8628-4697-9132-97A61ADB8953}.Debug|Any CPU.Build.0 = Debug|Any CPU
		{603EE29D-8628-4697-9132-97A61ADB8953}.Release|Any CPU.ActiveCfg = Release|Any CPU
		{603EE29D-8628-4697-9132-97A61ADB8953}.Release|Any CPU.Build.0 = Release|Any CPU
		{48A58ECA-4157-45DE-88F0-3A27D3063493}.Debug|Any CPU.ActiveCfg = Debug|Any CPU
		{48A58ECA-4157-45DE-88F0-3A27D3063493}.Debug|Any CPU.Build.0 = Debug|Any CPU
		{48A58ECA-4157-45DE-88F0-3A27D3063493}.Release|Any CPU.ActiveCfg = Release|Any CPU
		{48A58ECA-4157-45DE-88F0-3A27D3063493}.Release|Any CPU.Build.0 = Release|Any CPU
		{DAFB26E5-68EF-42C0-97EB-063B89250739}.Debug|Any CPU.ActiveCfg = Debug|Any CPU
		{DAFB26E5-68EF-42C0-97EB-063B89250739}.Debug|Any CPU.Build.0 = Debug|Any CPU
		{DAFB26E5-68EF-42C0-97EB-063B89250739}.Release|Any CPU.ActiveCfg = Release|Any CPU
		{DAFB26E5-68EF-42C0-97EB-063B89250739}.Release|Any CPU.Build.0 = Release|Any CPU
	EndGlobalSection
	GlobalSection(SolutionProperties) = preSolution
		HideSolutionNode = FALSE
	EndGlobalSection
	GlobalSection(ExtensibilityGlobals) = postSolution
		SolutionGuid = {2047A13E-91F9-409A-B855-66FB42978C57}
	EndGlobalSection
EndGlobal
